// !$*UTF8*$!
{
	archiveVersion = 1;
	classes = {
	};
	objectVersion = 46;
	objects = {

/* Begin PBXBuildFile section */
		877597FD1612BDE6003926A2 /* Window.xib in Resources */ = {isa = PBXBuildFile; fileRef = 877597FC1612BDE6003926A2 /* Window.xib */; };
		877598001612BED8003926A2 /* Window-iPad.xib in Resources */ = {isa = PBXBuildFile; fileRef = 877597FF1612BED8003926A2 /* Window-iPad.xib */; };
		8775980416152899003926A2 /* record@2x.png in Resources */ = {isa = PBXBuildFile; fileRef = 8775980116152898003926A2 /* record@2x.png */; };
		8775980516152899003926A2 /* record@2x~ipad.png in Resources */ = {isa = PBXBuildFile; fileRef = 8775980216152898003926A2 /* record@2x~ipad.png */; };
		8775980616152899003926A2 /* record~ipad.png in Resources */ = {isa = PBXBuildFile; fileRef = 8775980316152898003926A2 /* record~ipad.png */; };
		87985406161532D20006E99B /* playHighlighted@2x~ipad.png in Resources */ = {isa = PBXBuildFile; fileRef = 87985405161532D20006E99B /* playHighlighted@2x~ipad.png */; };
		8798540A161534E20006E99B /* icon144.png in Resources */ = {isa = PBXBuildFile; fileRef = 87985409161534E20006E99B /* icon144.png */; };
		8798540E161535030006E99B /* icon57.png in Resources */ = {isa = PBXBuildFile; fileRef = 8798540B161535030006E99B /* icon57.png */; };
		8798540F161535030006E99B /* icon72.png in Resources */ = {isa = PBXBuildFile; fileRef = 8798540C161535030006E99B /* icon72.png */; };
		87985410161535030006E99B /* icon114.png in Resources */ = {isa = PBXBuildFile; fileRef = 8798540D161535030006E99B /* icon114.png */; };
		8798541416169AC10006E99B /* recordHighlighted@2x.png in Resources */ = {isa = PBXBuildFile; fileRef = 8798541116169AC10006E99B /* recordHighlighted@2x.png */; };
		8798541516169AC10006E99B /* recordHighlighted@2x~ipad.png in Resources */ = {isa = PBXBuildFile; fileRef = 8798541216169AC10006E99B /* recordHighlighted@2x~ipad.png */; };
		8798541616169AC10006E99B /* recordHighlighted~ipad.png in Resources */ = {isa = PBXBuildFile; fileRef = 8798541316169AC10006E99B /* recordHighlighted~ipad.png */; };
		8798541A16169B2F0006E99B /* stop@2x.png in Resources */ = {isa = PBXBuildFile; fileRef = 8798541716169B2E0006E99B /* stop@2x.png */; };
		8798541B16169B2F0006E99B /* stop@2x~ipad.png in Resources */ = {isa = PBXBuildFile; fileRef = 8798541816169B2E0006E99B /* stop@2x~ipad.png */; };
		8798541C16169B2F0006E99B /* stop~ipad.png in Resources */ = {isa = PBXBuildFile; fileRef = 8798541916169B2E0006E99B /* stop~ipad.png */; };
		8798542016169B8B0006E99B /* stopHighlighted@2x.png in Resources */ = {isa = PBXBuildFile; fileRef = 8798541D16169B8B0006E99B /* stopHighlighted@2x.png */; };
		8798542116169B8B0006E99B /* stopHighlighted@2x~ipad.png in Resources */ = {isa = PBXBuildFile; fileRef = 8798541E16169B8B0006E99B /* stopHighlighted@2x~ipad.png */; };
		8798542216169B8B0006E99B /* stopHighlighted~ipad.png in Resources */ = {isa = PBXBuildFile; fileRef = 8798541F16169B8B0006E99B /* stopHighlighted~ipad.png */; };
		87ACB3DA1574553D00B9841A /* MediaPlayer.framework in Frameworks */ = {isa = PBXBuildFile; fileRef = 87ACB3D91574553D00B9841A /* MediaPlayer.framework */; };
		87ACB3E11574729C00B9841A /* CoreMedia.framework in Frameworks */ = {isa = PBXBuildFile; fileRef = 87ACB3E01574729C00B9841A /* CoreMedia.framework */; };
		87AF27E914492D0700A70EA9 /* AudioToolbox.framework in Frameworks */ = {isa = PBXBuildFile; fileRef = 87AF27E814492D0700A70EA9 /* AudioToolbox.framework */; };
		87BD87D216127C8B00ADDBF1 /* play.png in Resources */ = {isa = PBXBuildFile; fileRef = 87BD87D116127C8B00ADDBF1 /* play.png */; };
		87BD87D616127C9600ADDBF1 /* play@2x~ipad.png in Resources */ = {isa = PBXBuildFile; fileRef = 87BD87D416127C9600ADDBF1 /* play@2x~ipad.png */; };
		87BD87D716127C9600ADDBF1 /* play~ipad.png in Resources */ = {isa = PBXBuildFile; fileRef = 87BD87D516127C9600ADDBF1 /* play~ipad.png */; };
		87BD87D916127F8A00ADDBF1 /* Default-568h@2x.png in Resources */ = {isa = PBXBuildFile; fileRef = 87BD87D816127F8A00ADDBF1 /* Default-568h@2x.png */; };
		87BD87DD1612B8DA00ADDBF1 /* playHighlighted@2x.png in Resources */ = {isa = PBXBuildFile; fileRef = 87BD87DA1612B8DA00ADDBF1 /* playHighlighted@2x.png */; };
		87BD87DF1612B8DA00ADDBF1 /* playHighlighted~ipad.png in Resources */ = {isa = PBXBuildFile; fileRef = 87BD87DC1612B8DA00ADDBF1 /* playHighlighted~ipad.png */; };
		87C864DA144122A7002CDC00 /* Settings.bundle in Resources */ = {isa = PBXBuildFile; fileRef = 87C864D9144122A7002CDC00 /* Settings.bundle */; };
		87C9491113B56BDD00C8FE2D /* UIKit.framework in Frameworks */ = {isa = PBXBuildFile; fileRef = 87C9491013B56BDD00C8FE2D /* UIKit.framework */; };
		87C9491313B56BDD00C8FE2D /* Foundation.framework in Frameworks */ = {isa = PBXBuildFile; fileRef = 87C9491213B56BDD00C8FE2D /* Foundation.framework */; };
		87C9491513B56BDD00C8FE2D /* CoreGraphics.framework in Frameworks */ = {isa = PBXBuildFile; fileRef = 87C9491413B56BDD00C8FE2D /* CoreGraphics.framework */; };
		87C9491B13B56BDD00C8FE2D /* InfoPlist.strings in Resources */ = {isa = PBXBuildFile; fileRef = 87C9491913B56BDD00C8FE2D /* InfoPlist.strings */; };
		87C9491D13B56BDD00C8FE2D /* main.m in Sources */ = {isa = PBXBuildFile; fileRef = 87C9491C13B56BDD00C8FE2D /* main.m */; };
		87C9492113B56BDD00C8FE2D /* RecordButtonAppDelegate.m in Sources */ = {isa = PBXBuildFile; fileRef = 87C9492013B56BDD00C8FE2D /* RecordButtonAppDelegate.m */; };
		87C9492313B56BDD00C8FE2D /* RecordButtonViewController.h in Resources */ = {isa = PBXBuildFile; fileRef = 87C9492213B56BDD00C8FE2D /* RecordButtonViewController.h */; };
		87C9492513B56BDD00C8FE2D /* RecordButtonViewController.m in Sources */ = {isa = PBXBuildFile; fileRef = 87C9492413B56BDD00C8FE2D /* RecordButtonViewController.m */; };
		87C9493B13B6367F00C8FE2D /* play@2x.png in Resources */ = {isa = PBXBuildFile; fileRef = 87C9493513B6367F00C8FE2D /* play@2x.png */; };
		87C9493C13B6367F00C8FE2D /* playHighlighted.png in Resources */ = {isa = PBXBuildFile; fileRef = 87C9493613B6367F00C8FE2D /* playHighlighted.png */; };
		87C9493D13B6367F00C8FE2D /* record.png in Resources */ = {isa = PBXBuildFile; fileRef = 87C9493713B6367F00C8FE2D /* record.png */; };
		87C9493E13B6367F00C8FE2D /* recordHighlighted.png in Resources */ = {isa = PBXBuildFile; fileRef = 87C9493813B6367F00C8FE2D /* recordHighlighted.png */; };
		87C9493F13B6367F00C8FE2D /* stop.png in Resources */ = {isa = PBXBuildFile; fileRef = 87C9493913B6367F00C8FE2D /* stop.png */; };
		87C9494013B6367F00C8FE2D /* stopHighlighted.png in Resources */ = {isa = PBXBuildFile; fileRef = 87C9493A13B6367F00C8FE2D /* stopHighlighted.png */; };
		87C9494313B637BE00C8FE2D /* pencilSm.png in Resources */ = {isa = PBXBuildFile; fileRef = 87C9494213B637BE00C8FE2D /* pencilSm.png */; };
		87C9494613B6399100C8FE2D /* AVFoundation.framework in Frameworks */ = {isa = PBXBuildFile; fileRef = 87C9494413B6399100C8FE2D /* AVFoundation.framework */; };
		87C9494713B6399100C8FE2D /* CoreAudio.framework in Frameworks */ = {isa = PBXBuildFile; fileRef = 87C9494513B6399100C8FE2D /* CoreAudio.framework */; };
		87C9495113B6571600C8FE2D /* pencilSm@2x.png in Resources */ = {isa = PBXBuildFile; fileRef = 87C9495013B6571600C8FE2D /* pencilSm@2x.png */; };
/* End PBXBuildFile section */

/* Begin PBXFileReference section */
		877597FC1612BDE6003926A2 /* Window.xib */ = {isa = PBXFileReference; fileEncoding = 4; lastKnownFileType = file.xib; path = Window.xib; sourceTree = "<group>"; };
		877597FF1612BED8003926A2 /* Window-iPad.xib */ = {isa = PBXFileReference; fileEncoding = 4; lastKnownFileType = file.xib; path = "Window-iPad.xib"; sourceTree = "<group>"; };
		8775980116152898003926A2 /* record@2x.png */ = {isa = PBXFileReference; lastKnownFileType = image.png; path = "record@2x.png"; sourceTree = "<group>"; };
		8775980216152898003926A2 /* record@2x~ipad.png */ = {isa = PBXFileReference; lastKnownFileType = image.png; path = "record@2x~ipad.png"; sourceTree = "<group>"; };
		8775980316152898003926A2 /* record~ipad.png */ = {isa = PBXFileReference; lastKnownFileType = image.png; path = "record~ipad.png"; sourceTree = "<group>"; };
		87760A3F1452F3DA002D8CE0 /* fr */ = {isa = PBXFileReference; lastKnownFileType = text.plist.strings; name = fr; path = /Users/samkass/Development/iPhoneDev/RecordButton/RecordButton/fr.lproj/InfoPlist.strings; sourceTree = "<absolute>"; };
		878EAA8714527EA800164B69 /* es */ = {isa = PBXFileReference; lastKnownFileType = text.plist.strings; name = es; path = /Users/samkass/Development/iPhoneDev/RecordButton/RecordButton/es.lproj/InfoPlist.strings; sourceTree = "<absolute>"; };
		87985405161532D20006E99B /* playHighlighted@2x~ipad.png */ = {isa = PBXFileReference; lastKnownFileType = image.png; path = "playHighlighted@2x~ipad.png"; sourceTree = "<group>"; };
		87985409161534E20006E99B /* icon144.png */ = {isa = PBXFileReference; lastKnownFileType = image.png; path = icon144.png; sourceTree = "<group>"; };
		8798540B161535030006E99B /* icon57.png */ = {isa = PBXFileReference; lastKnownFileType = image.png; path = icon57.png; sourceTree = "<group>"; };
		8798540C161535030006E99B /* icon72.png */ = {isa = PBXFileReference; lastKnownFileType = image.png; path = icon72.png; sourceTree = "<group>"; };
		8798540D161535030006E99B /* icon114.png */ = {isa = PBXFileReference; lastKnownFileType = image.png; path = icon114.png; sourceTree = "<group>"; };
		8798541116169AC10006E99B /* recordHighlighted@2x.png */ = {isa = PBXFileReference; lastKnownFileType = image.png; path = "recordHighlighted@2x.png"; sourceTree = "<group>"; };
		8798541216169AC10006E99B /* recordHighlighted@2x~ipad.png */ = {isa = PBXFileReference; lastKnownFileType = image.png; path = "recordHighlighted@2x~ipad.png"; sourceTree = "<group>"; };
		8798541316169AC10006E99B /* recordHighlighted~ipad.png */ = {isa = PBXFileReference; lastKnownFileType = image.png; path = "recordHighlighted~ipad.png"; sourceTree = "<group>"; };
		8798541716169B2E0006E99B /* stop@2x.png */ = {isa = PBXFileReference; lastKnownFileType = image.png; path = "stop@2x.png"; sourceTree = "<group>"; };
		8798541816169B2E0006E99B /* stop@2x~ipad.png */ = {isa = PBXFileReference; lastKnownFileType = image.png; path = "stop@2x~ipad.png"; sourceTree = "<group>"; };
		8798541916169B2E0006E99B /* stop~ipad.png */ = {isa = PBXFileReference; lastKnownFileType = image.png; path = "stop~ipad.png"; sourceTree = "<group>"; };
		8798541D16169B8B0006E99B /* stopHighlighted@2x.png */ = {isa = PBXFileReference; lastKnownFileType = image.png; path = "stopHighlighted@2x.png"; sourceTree = "<group>"; };
		8798541E16169B8B0006E99B /* stopHighlighted@2x~ipad.png */ = {isa = PBXFileReference; lastKnownFileType = image.png; path = "stopHighlighted@2x~ipad.png"; sourceTree = "<group>"; };
		8798541F16169B8B0006E99B /* stopHighlighted~ipad.png */ = {isa = PBXFileReference; lastKnownFileType = image.png; path = "stopHighlighted~ipad.png"; sourceTree = "<group>"; };
		879C8F5414579CC100345BED /* zh-Hans */ = {isa = PBXFileReference; lastKnownFileType = text.plist.strings; name = "zh-Hans"; path = "/Users/samkass/Development/iPhoneDev/RecordButton/RecordButton/zh-Hans.lproj/InfoPlist.strings"; sourceTree = "<absolute>"; };
		87ACB3D91574553D00B9841A /* MediaPlayer.framework */ = {isa = PBXFileReference; lastKnownFileType = wrapper.framework; name = MediaPlayer.framework; path = System/Library/Frameworks/MediaPlayer.framework; sourceTree = SDKROOT; };
		87ACB3E01574729C00B9841A /* CoreMedia.framework */ = {isa = PBXFileReference; lastKnownFileType = wrapper.framework; name = CoreMedia.framework; path = System/Library/Frameworks/CoreMedia.framework; sourceTree = SDKROOT; };
		87AF27E814492D0700A70EA9 /* AudioToolbox.framework */ = {isa = PBXFileReference; lastKnownFileType = wrapper.framework; name = AudioToolbox.framework; path = System/Library/Frameworks/AudioToolbox.framework; sourceTree = SDKROOT; };
		87BD87D116127C8B00ADDBF1 /* play.png */ = {isa = PBXFileReference; lastKnownFileType = image.png; path = play.png; sourceTree = "<group>"; };
		87BD87D416127C9600ADDBF1 /* play@2x~ipad.png */ = {isa = PBXFileReference; lastKnownFileType = image.png; path = "play@2x~ipad.png"; sourceTree = "<group>"; };
		87BD87D516127C9600ADDBF1 /* play~ipad.png */ = {isa = PBXFileReference; lastKnownFileType = image.png; path = "play~ipad.png"; sourceTree = "<group>"; };
		87BD87D816127F8A00ADDBF1 /* Default-568h@2x.png */ = {isa = PBXFileReference; lastKnownFileType = image.png; path = "Default-568h@2x.png"; sourceTree = "<group>"; };
		87BD87DA1612B8DA00ADDBF1 /* playHighlighted@2x.png */ = {isa = PBXFileReference; lastKnownFileType = image.png; path = "playHighlighted@2x.png"; sourceTree = "<group>"; };
		87BD87DC1612B8DA00ADDBF1 /* playHighlighted~ipad.png */ = {isa = PBXFileReference; lastKnownFileType = image.png; path = "playHighlighted~ipad.png"; sourceTree = "<group>"; };
		87C864D9144122A7002CDC00 /* Settings.bundle */ = {isa = PBXFileReference; lastKnownFileType = "wrapper.plug-in"; path = Settings.bundle; sourceTree = "<group>"; };
		87C9490C13B56BDD00C8FE2D /* PlayButton.app */ = {isa = PBXFileReference; explicitFileType = wrapper.application; includeInIndex = 0; path = PlayButton.app; sourceTree = BUILT_PRODUCTS_DIR; };
		87C9491013B56BDD00C8FE2D /* UIKit.framework */ = {isa = PBXFileReference; lastKnownFileType = wrapper.framework; name = UIKit.framework; path = System/Library/Frameworks/UIKit.framework; sourceTree = SDKROOT; };
		87C9491213B56BDD00C8FE2D /* Foundation.framework */ = {isa = PBXFileReference; lastKnownFileType = wrapper.framework; name = Foundation.framework; path = System/Library/Frameworks/Foundation.framework; sourceTree = SDKROOT; };
		87C9491413B56BDD00C8FE2D /* CoreGraphics.framework */ = {isa = PBXFileReference; lastKnownFileType = wrapper.framework; name = CoreGraphics.framework; path = System/Library/Frameworks/CoreGraphics.framework; sourceTree = SDKROOT; };
		87C9491813B56BDD00C8FE2D /* PlayButton-Info.plist */ = {isa = PBXFileReference; lastKnownFileType = text.plist.xml; path = "PlayButton-Info.plist"; sourceTree = "<group>"; };
		87C9491A13B56BDD00C8FE2D /* en */ = {isa = PBXFileReference; lastKnownFileType = text.plist.strings; name = en; path = en.lproj/InfoPlist.strings; sourceTree = "<group>"; };
		87C9491C13B56BDD00C8FE2D /* main.m */ = {isa = PBXFileReference; lastKnownFileType = sourcecode.c.objc; path = main.m; sourceTree = "<group>"; };
		87C9491E13B56BDD00C8FE2D /* PlayButton-Prefix.pch */ = {isa = PBXFileReference; lastKnownFileType = sourcecode.c.h; path = "PlayButton-Prefix.pch"; sourceTree = "<group>"; };
		87C9491F13B56BDD00C8FE2D /* RecordButtonAppDelegate.h */ = {isa = PBXFileReference; lastKnownFileType = sourcecode.c.h; path = RecordButtonAppDelegate.h; sourceTree = "<group>"; };
		87C9492013B56BDD00C8FE2D /* RecordButtonAppDelegate.m */ = {isa = PBXFileReference; lastKnownFileType = sourcecode.c.objc; path = RecordButtonAppDelegate.m; sourceTree = "<group>"; };
		87C9492213B56BDD00C8FE2D /* RecordButtonViewController.h */ = {isa = PBXFileReference; lastKnownFileType = sourcecode.c.h; path = RecordButtonViewController.h; sourceTree = "<group>"; };
		87C9492413B56BDD00C8FE2D /* RecordButtonViewController.m */ = {isa = PBXFileReference; lastKnownFileType = sourcecode.c.objc; path = RecordButtonViewController.m; sourceTree = "<group>"; };
		87C9493513B6367F00C8FE2D /* play@2x.png */ = {isa = PBXFileReference; lastKnownFileType = image.png; path = "play@2x.png"; sourceTree = "<group>"; };
		87C9493613B6367F00C8FE2D /* playHighlighted.png */ = {isa = PBXFileReference; lastKnownFileType = image.png; path = playHighlighted.png; sourceTree = "<group>"; };
		87C9493713B6367F00C8FE2D /* record.png */ = {isa = PBXFileReference; lastKnownFileType = image.png; path = record.png; sourceTree = "<group>"; };
		87C9493813B6367F00C8FE2D /* recordHighlighted.png */ = {isa = PBXFileReference; lastKnownFileType = image.png; path = recordHighlighted.png; sourceTree = "<group>"; };
		87C9493913B6367F00C8FE2D /* stop.png */ = {isa = PBXFileReference; lastKnownFileType = image.png; path = stop.png; sourceTree = "<group>"; };
		87C9493A13B6367F00C8FE2D /* stopHighlighted.png */ = {isa = PBXFileReference; lastKnownFileType = image.png; path = stopHighlighted.png; sourceTree = "<group>"; };
		87C9494213B637BE00C8FE2D /* pencilSm.png */ = {isa = PBXFileReference; lastKnownFileType = image.png; path = pencilSm.png; sourceTree = "<group>"; };
		87C9494413B6399100C8FE2D /* AVFoundation.framework */ = {isa = PBXFileReference; lastKnownFileType = wrapper.framework; name = AVFoundation.framework; path = System/Library/Frameworks/AVFoundation.framework; sourceTree = SDKROOT; };
		87C9494513B6399100C8FE2D /* CoreAudio.framework */ = {isa = PBXFileReference; lastKnownFileType = wrapper.framework; name = CoreAudio.framework; path = System/Library/Frameworks/CoreAudio.framework; sourceTree = SDKROOT; };
		87C9495013B6571600C8FE2D /* pencilSm@2x.png */ = {isa = PBXFileReference; lastKnownFileType = image.png; path = "pencilSm@2x.png"; sourceTree = "<group>"; };
/* End PBXFileReference section */

/* Begin PBXFrameworksBuildPhase section */
		87C9490913B56BDD00C8FE2D /* Frameworks */ = {
			isa = PBXFrameworksBuildPhase;
			buildActionMask = 2147483647;
			files = (
				87ACB3E11574729C00B9841A /* CoreMedia.framework in Frameworks */,
				87ACB3DA1574553D00B9841A /* MediaPlayer.framework in Frameworks */,
				87AF27E914492D0700A70EA9 /* AudioToolbox.framework in Frameworks */,
				87C9494613B6399100C8FE2D /* AVFoundation.framework in Frameworks */,
				87C9494713B6399100C8FE2D /* CoreAudio.framework in Frameworks */,
				87C9491113B56BDD00C8FE2D /* UIKit.framework in Frameworks */,
				87C9491313B56BDD00C8FE2D /* Foundation.framework in Frameworks */,
				87C9491513B56BDD00C8FE2D /* CoreGraphics.framework in Frameworks */,
			);
			runOnlyForDeploymentPostprocessing = 0;
		};
/* End PBXFrameworksBuildPhase section */

/* Begin PBXGroup section */
		87C9490113B56BDC00C8FE2D = {
			isa = PBXGroup;
			children = (
				8798540B161535030006E99B /* icon57.png */,
				8798540C161535030006E99B /* icon72.png */,
				8798540D161535030006E99B /* icon114.png */,
				87985409161534E20006E99B /* icon144.png */,
				87BD87D816127F8A00ADDBF1 /* Default-568h@2x.png */,
				87C9491613B56BDD00C8FE2D /* RecordButton */,
				87C9490F13B56BDD00C8FE2D /* Frameworks */,
				87C9490D13B56BDD00C8FE2D /* Products */,
			);
			sourceTree = "<group>";
		};
		87C9490D13B56BDD00C8FE2D /* Products */ = {
			isa = PBXGroup;
			children = (
				87C9490C13B56BDD00C8FE2D /* PlayButton.app */,
			);
			name = Products;
			sourceTree = "<group>";
		};
		87C9490F13B56BDD00C8FE2D /* Frameworks */ = {
			isa = PBXGroup;
			children = (
				87ACB3E01574729C00B9841A /* CoreMedia.framework */,
				87ACB3D91574553D00B9841A /* MediaPlayer.framework */,
				87AF27E814492D0700A70EA9 /* AudioToolbox.framework */,
				87C9494513B6399100C8FE2D /* CoreAudio.framework */,
				87C9494413B6399100C8FE2D /* AVFoundation.framework */,
				87C9491013B56BDD00C8FE2D /* UIKit.framework */,
				87C9491213B56BDD00C8FE2D /* Foundation.framework */,
				87C9491413B56BDD00C8FE2D /* CoreGraphics.framework */,
			);
			name = Frameworks;
			sourceTree = "<group>";
		};
		87C9491613B56BDD00C8FE2D /* RecordButton */ = {
			isa = PBXGroup;
			children = (
				87C9491F13B56BDD00C8FE2D /* RecordButtonAppDelegate.h */,
				87C9492013B56BDD00C8FE2D /* RecordButtonAppDelegate.m */,
				87C9492213B56BDD00C8FE2D /* RecordButtonViewController.h */,
				87C9492413B56BDD00C8FE2D /* RecordButtonViewController.m */,
				877597FC1612BDE6003926A2 /* Window.xib */,
				877597FF1612BED8003926A2 /* Window-iPad.xib */,
				87C9494113B6368500C8FE2D /* Images */,
				87C9491713B56BDD00C8FE2D /* Supporting Files */,
			);
			path = RecordButton;
			sourceTree = "<group>";
		};
		87C9491713B56BDD00C8FE2D /* Supporting Files */ = {
			isa = PBXGroup;
			children = (
				87C864D9144122A7002CDC00 /* Settings.bundle */,
				87C9491813B56BDD00C8FE2D /* PlayButton-Info.plist */,
				87C9491913B56BDD00C8FE2D /* InfoPlist.strings */,
				87C9491C13B56BDD00C8FE2D /* main.m */,
				87C9491E13B56BDD00C8FE2D /* PlayButton-Prefix.pch */,
			);
			name = "Supporting Files";
			sourceTree = "<group>";
		};
		87C9494113B6368500C8FE2D /* Images */ = {
			isa = PBXGroup;
			children = (
				87BD87D116127C8B00ADDBF1 /* play.png */,
				87C9493513B6367F00C8FE2D /* play@2x.png */,
				87BD87D416127C9600ADDBF1 /* play@2x~ipad.png */,
				87BD87D516127C9600ADDBF1 /* play~ipad.png */,
				87C9493613B6367F00C8FE2D /* playHighlighted.png */,
				87BD87DA1612B8DA00ADDBF1 /* playHighlighted@2x.png */,
				87BD87DC1612B8DA00ADDBF1 /* playHighlighted~ipad.png */,
				87985405161532D20006E99B /* playHighlighted@2x~ipad.png */,
				87C9493713B6367F00C8FE2D /* record.png */,
				8775980116152898003926A2 /* record@2x.png */,
				8775980216152898003926A2 /* record@2x~ipad.png */,
				8775980316152898003926A2 /* record~ipad.png */,
				87C9493813B6367F00C8FE2D /* recordHighlighted.png */,
				8798541116169AC10006E99B /* recordHighlighted@2x.png */,
				8798541216169AC10006E99B /* recordHighlighted@2x~ipad.png */,
				8798541316169AC10006E99B /* recordHighlighted~ipad.png */,
				87C9493913B6367F00C8FE2D /* stop.png */,
				8798541716169B2E0006E99B /* stop@2x.png */,
				8798541816169B2E0006E99B /* stop@2x~ipad.png */,
				8798541916169B2E0006E99B /* stop~ipad.png */,
				87C9493A13B6367F00C8FE2D /* stopHighlighted.png */,
				8798541D16169B8B0006E99B /* stopHighlighted@2x.png */,
				8798541E16169B8B0006E99B /* stopHighlighted@2x~ipad.png */,
				8798541F16169B8B0006E99B /* stopHighlighted~ipad.png */,
				87C9494213B637BE00C8FE2D /* pencilSm.png */,
				87C9495013B6571600C8FE2D /* pencilSm@2x.png */,
			);
			name = Images;
			sourceTree = "<group>";
		};
/* End PBXGroup section */

/* Begin PBXNativeTarget section */
		87C9490B13B56BDD00C8FE2D /* PlayButton */ = {
			isa = PBXNativeTarget;
			buildConfigurationList = 87C9492E13B56BDD00C8FE2D /* Build configuration list for PBXNativeTarget "PlayButton" */;
			buildPhases = (
				87C9490813B56BDD00C8FE2D /* Sources */,
				87C9490913B56BDD00C8FE2D /* Frameworks */,
				87C9490A13B56BDD00C8FE2D /* Resources */,
			);
			buildRules = (
			);
			dependencies = (
			);
			name = PlayButton;
			productName = RecordButton;
			productReference = 87C9490C13B56BDD00C8FE2D /* PlayButton.app */;
			productType = "com.apple.product-type.application";
		};
/* End PBXNativeTarget section */

/* Begin PBXProject section */
		87C9490313B56BDC00C8FE2D /* Project object */ = {
			isa = PBXProject;
			attributes = {
				LastUpgradeCheck = 0420;
				ORGANIZATIONNAME = "Aardustry LLC";
			};
			buildConfigurationList = 87C9490613B56BDC00C8FE2D /* Build configuration list for PBXProject "PlayButton" */;
			compatibilityVersion = "Xcode 3.2";
			developmentRegion = English;
			hasScannedForEncodings = 0;
			knownRegions = (
				en,
				es,
			);
			mainGroup = 87C9490113B56BDC00C8FE2D;
			productRefGroup = 87C9490D13B56BDD00C8FE2D /* Products */;
			projectDirPath = "";
			projectRoot = "";
			targets = (
				87C9490B13B56BDD00C8FE2D /* PlayButton */,
			);
		};
/* End PBXProject section */

/* Begin PBXResourcesBuildPhase section */
		87C9490A13B56BDD00C8FE2D /* Resources */ = {
			isa = PBXResourcesBuildPhase;
			buildActionMask = 2147483647;
			files = (
				87C9491B13B56BDD00C8FE2D /* InfoPlist.strings in Resources */,
				87C9492313B56BDD00C8FE2D /* RecordButtonViewController.h in Resources */,
				87C9493B13B6367F00C8FE2D /* play@2x.png in Resources */,
				87C9493C13B6367F00C8FE2D /* playHighlighted.png in Resources */,
				87C9493D13B6367F00C8FE2D /* record.png in Resources */,
				87C9493E13B6367F00C8FE2D /* recordHighlighted.png in Resources */,
				87C9493F13B6367F00C8FE2D /* stop.png in Resources */,
				87C9494013B6367F00C8FE2D /* stopHighlighted.png in Resources */,
				87C9494313B637BE00C8FE2D /* pencilSm.png in Resources */,
				87C9495113B6571600C8FE2D /* pencilSm@2x.png in Resources */,
				87C864DA144122A7002CDC00 /* Settings.bundle in Resources */,
				87BD87D216127C8B00ADDBF1 /* play.png in Resources */,
				87BD87D616127C9600ADDBF1 /* play@2x~ipad.png in Resources */,
				87BD87D716127C9600ADDBF1 /* play~ipad.png in Resources */,
				87BD87D916127F8A00ADDBF1 /* Default-568h@2x.png in Resources */,
				87BD87DD1612B8DA00ADDBF1 /* playHighlighted@2x.png in Resources */,
				87BD87DF1612B8DA00ADDBF1 /* playHighlighted~ipad.png in Resources */,
				877597FD1612BDE6003926A2 /* Window.xib in Resources */,
				877598001612BED8003926A2 /* Window-iPad.xib in Resources */,
				8775980416152899003926A2 /* record@2x.png in Resources */,
				8775980516152899003926A2 /* record@2x~ipad.png in Resources */,
				8775980616152899003926A2 /* record~ipad.png in Resources */,
				87985406161532D20006E99B /* playHighlighted@2x~ipad.png in Resources */,
				8798540A161534E20006E99B /* icon144.png in Resources */,
				8798540E161535030006E99B /* icon57.png in Resources */,
				8798540F161535030006E99B /* icon72.png in Resources */,
				87985410161535030006E99B /* icon114.png in Resources */,
				8798541416169AC10006E99B /* recordHighlighted@2x.png in Resources */,
				8798541516169AC10006E99B /* recordHighlighted@2x~ipad.png in Resources */,
				8798541616169AC10006E99B /* recordHighlighted~ipad.png in Resources */,
				8798541A16169B2F0006E99B /* stop@2x.png in Resources */,
				8798541B16169B2F0006E99B /* stop@2x~ipad.png in Resources */,
				8798541C16169B2F0006E99B /* stop~ipad.png in Resources */,
				8798542016169B8B0006E99B /* stopHighlighted@2x.png in Resources */,
				8798542116169B8B0006E99B /* stopHighlighted@2x~ipad.png in Resources */,
				8798542216169B8B0006E99B /* stopHighlighted~ipad.png in Resources */,
			);
			runOnlyForDeploymentPostprocessing = 0;
		};
/* End PBXResourcesBuildPhase section */

/* Begin PBXSourcesBuildPhase section */
		87C9490813B56BDD00C8FE2D /* Sources */ = {
			isa = PBXSourcesBuildPhase;
			buildActionMask = 2147483647;
			files = (
				87C9491D13B56BDD00C8FE2D /* main.m in Sources */,
				87C9492113B56BDD00C8FE2D /* RecordButtonAppDelegate.m in Sources */,
				87C9492513B56BDD00C8FE2D /* RecordButtonViewController.m in Sources */,
			);
			runOnlyForDeploymentPostprocessing = 0;
		};
/* End PBXSourcesBuildPhase section */

/* Begin PBXVariantGroup section */
		87C9491913B56BDD00C8FE2D /* InfoPlist.strings */ = {
			isa = PBXVariantGroup;
			children = (
				87C9491A13B56BDD00C8FE2D /* en */,
				878EAA8714527EA800164B69 /* es */,
				87760A3F1452F3DA002D8CE0 /* fr */,
				879C8F5414579CC100345BED /* zh-Hans */,
			);
			name = InfoPlist.strings;
			sourceTree = "<group>";
		};
/* End PBXVariantGroup section */

/* Begin XCBuildConfiguration section */
		8783A2C2141D659200A91881 /* AdHoc */ = {
			isa = XCBuildConfiguration;
			buildSettings = {
				ALWAYS_SEARCH_USER_PATHS = NO;
				ARCHS = "$(ARCHS_STANDARD_32_BIT)";
				CLANG_ENABLE_OBJC_ARC = YES;
				CODE_SIGN_IDENTITY = "iPhone Distribution: Aardustry LLC";
				"CODE_SIGN_IDENTITY[sdk=iphoneos*]" = "iPhone Distribution: Aardustry LLC";
				COPY_PHASE_STRIP = YES;
				GCC_C_LANGUAGE_STANDARD = gnu99;
				GCC_VERSION = com.apple.compilers.llvm.clang.1_0;
				GCC_WARN_ABOUT_MISSING_PROTOTYPES = YES;
				GCC_WARN_ABOUT_RETURN_TYPE = YES;
				GCC_WARN_UNUSED_VARIABLE = YES;
				IPHONEOS_DEPLOYMENT_TARGET = 4.3;
				OTHER_CFLAGS = "-DNS_BLOCK_ASSERTIONS=1";
				PROVISIONING_PROFILE = "2DF8581B-89E3-4A04-8BFA-DC19A776A2E8";
				"PROVISIONING_PROFILE[sdk=iphoneos*]" = "2DF8581B-89E3-4A04-8BFA-DC19A776A2E8";
				SDKROOT = iphoneos;
				TARGETED_DEVICE_FAMILY = "1,2";
				VALIDATE_PRODUCT = YES;
			};
			name = AdHoc;
		};
		8783A2C3141D659200A91881 /* AdHoc */ = {
			isa = XCBuildConfiguration;
			buildSettings = {
				GCC_PRECOMPILE_PREFIX_HEADER = YES;
				GCC_PREFIX_HEADER = "RecordButton/PlayButton-Prefix.pch";
				INFOPLIST_FILE = "RecordButton/PlayButton-Info.plist";
				PRODUCT_NAME = "$(TARGET_NAME)";
			};
			name = AdHoc;
		};
		87C9492C13B56BDD00C8FE2D /* Debug */ = {
			isa = XCBuildConfiguration;
			buildSettings = {
				ALWAYS_SEARCH_USER_PATHS = NO;
				ARCHS = "$(ARCHS_STANDARD_32_BIT)";
				CLANG_ENABLE_OBJC_ARC = YES;
				"CODE_SIGN_IDENTITY[sdk=iphoneos*]" = "iPhone Developer";
				COPY_PHASE_STRIP = NO;
				GCC_C_LANGUAGE_STANDARD = gnu99;
				GCC_OPTIMIZATION_LEVEL = 0;
				GCC_PREPROCESSOR_DEFINITIONS = (
					"DEBUG=1",
					"$(inherited)",
				);
				GCC_SYMBOLS_PRIVATE_EXTERN = NO;
				GCC_VERSION = com.apple.compilers.llvm.clang.1_0;
				GCC_WARN_ABOUT_MISSING_PROTOTYPES = YES;
				GCC_WARN_ABOUT_RETURN_TYPE = YES;
				GCC_WARN_UNUSED_VARIABLE = YES;
				IPHONEOS_DEPLOYMENT_TARGET = 4.3;
				SDKROOT = iphoneos;
				TARGETED_DEVICE_FAMILY = "1,2";
			};
			name = Debug;
		};
		87C9492D13B56BDD00C8FE2D /* Release */ = {
			isa = XCBuildConfiguration;
			buildSettings = {
				ALWAYS_SEARCH_USER_PATHS = NO;
				ARCHS = "$(ARCHS_STANDARD_32_BIT)";
				CLANG_ENABLE_OBJC_ARC = YES;
				CODE_SIGN_IDENTITY = "iPhone Distribution: Aardustry LLC";
				"CODE_SIGN_IDENTITY[sdk=iphoneos*]" = "iPhone Distribution: Aardustry LLC";
				COPY_PHASE_STRIP = YES;
				GCC_C_LANGUAGE_STANDARD = gnu99;
				GCC_VERSION = com.apple.compilers.llvm.clang.1_0;
				GCC_WARN_ABOUT_MISSING_PROTOTYPES = YES;
				GCC_WARN_ABOUT_RETURN_TYPE = YES;
				GCC_WARN_UNUSED_VARIABLE = YES;
				IPHONEOS_DEPLOYMENT_TARGET = 4.3;
				OTHER_CFLAGS = "-DNS_BLOCK_ASSERTIONS=1";
				PROVISIONING_PROFILE = "9F8FE887-756A-43EB-A44F-7C83B1A2E905";
				"PROVISIONING_PROFILE[sdk=iphoneos*]" = "9F8FE887-756A-43EB-A44F-7C83B1A2E905";
				SDKROOT = iphoneos;
				TARGETED_DEVICE_FAMILY = "1,2";
				VALIDATE_PRODUCT = YES;
			};
			name = Release;
		};
		87C9492F13B56BDD00C8FE2D /* Debug */ = {
			isa = XCBuildConfiguration;
			buildSettings = {
				GCC_PRECOMPILE_PREFIX_HEADER = YES;
				GCC_PREFIX_HEADER = "RecordButton/PlayButton-Prefix.pch";
				INFOPLIST_FILE = "RecordButton/PlayButton-Info.plist";
				PRODUCT_NAME = "$(TARGET_NAME)";
			};
			name = Debug;
		};
		87C9493013B56BDD00C8FE2D /* Release */ = {
			isa = XCBuildConfiguration;
			buildSettings = {
				GCC_PRECOMPILE_PREFIX_HEADER = YES;
				GCC_PREFIX_HEADER = "RecordButton/PlayButton-Prefix.pch";
				INFOPLIST_FILE = "RecordButton/PlayButton-Info.plist";
				PRODUCT_NAME = "$(TARGET_NAME)";
			};
			name = Release;
		};
/* End XCBuildConfiguration section */

/* Begin XCConfigurationList section */
		87C9490613B56BDC00C8FE2D /* Build configuration list for PBXProject "PlayButton" */ = {
			isa = XCConfigurationList;
			buildConfigurations = (
				87C9492C13B56BDD00C8FE2D /* Debug */,
				87C9492D13B56BDD00C8FE2D /* Release */,
				8783A2C2141D659200A91881 /* AdHoc */,
			);
			defaultConfigurationIsVisible = 0;
			defaultConfigurationName = Release;
		};
		87C9492E13B56BDD00C8FE2D /* Build configuration list for PBXNativeTarget "PlayButton" */ = {
			isa = XCConfigurationList;
			buildConfigurations = (
				87C9492F13B56BDD00C8FE2D /* Debug */,
				87C9493013B56BDD00C8FE2D /* Release */,
				8783A2C3141D659200A91881 /* AdHoc */,
			);
			defaultConfigurationIsVisible = 0;
			defaultConfigurationName = Release;
		};
/* End XCConfigurationList section */
	};
	rootObject = 87C9490313B56BDC00C8FE2D /* Project object */;
}
